{
    "_readme": [
        "This file locks the dependencies of your project to a known state",
        "Read more about it at https://getcomposer.org/doc/01-basic-usage.md#installing-dependencies",
        "This file is @generated automatically"
    ],
    "content-hash": "53240ab66be3789758470538fcb9ca3b",
    "packages": [
        {
            "name": "bacon/bacon-qr-code",
            "version": "v3.1.1",
            "source": {
                "type": "git",
                "url": "https://github.com/Bacon/BaconQrCode.git",
                "reference": "886baf230c2f4552d6e2e8e4b5e1b5e1b5e1b5e"
            }
        }
    ]
}